{
  "allow_builds": false,
  "allow_prereleases": false,
  "allow_wheels": true,
  "build_isolation": true,
  "constraints": [],
  "elide_unused_requires_dist": true,
  "excluded": [],
  "locked_resolves": [
    {
      "locked_requirements": [
        {
          "artifacts": [
            {
              "algorithm": "sha256",
              "hash": "40c65f4ad79ff6badff3f6a3ca0ceaf8b431b97102a0f48ada7fd6a1bf8910a0",
              "url": "https://www.piwheels.org/simple/psutil/psutil-6.0.0-cp313-abi3-linux_armv7l.whl"
            }
          ],
          "project_name": "psutil",
          "requires_dists": [],
          "requires_python": "!=3.0.*,!=3.1.*,!=3.2.*,!=3.3.*,!=3.4.*,!=3.5.*,>=2.7",
          "version": "6.0.0"
        }
      ],
      "marker": null,
      "platform_tag": [
        "cp314",
        "cp314",
        "manylinux_2_36_armv7l"
      ]
    },
    {
      "locked_requirements": [
        {
          "artifacts": [
            {
              "algorithm": "sha256",
              "hash": "da8bdfeef4403c66ba6cc54ff866c5f571bcf15a55a92f91929da4bb90ba90ce",
              "url": "https://gitlab.com/api/v4/projects/56254198/packages/pypi/files/da8bdfeef4403c66ba6cc54ff866c5f571bcf15a55a92f91929da4bb90ba90ce/psutil-7.0.0-cp36-abi3-manylinux_2_31_riscv64.manylinux_2_35_riscv64.whl"
            }
          ],
          "project_name": "psutil",
          "requires_dists": [],
          "requires_python": ">=3.6",
          "version": "7.0.0"
        }
      ],
      "marker": null,
      "platform_tag": [
        "cp314",
        "cp314",
        "manylinux_2_41_riscv64"
      ]
    },
    {
      "locked_requirements": [
        {
          "artifacts": [
            {
              "algorithm": "sha256",
              "hash": "bc31fa00f1fbc3c3802141eede66f3a2d51d89716a194bf2cd6fc68310a19880",
              "url": "https://files.pythonhosted.org/packages/68/3a/9f93cff5c025029a36d9a92fef47220ab4692ee7f2be0fba9f92813d0cb8/psutil-7.1.3-cp36-abi3-macosx_11_0_arm64.whl"
            }
          ],
          "project_name": "psutil",
          "requires_dists": [],
          "requires_python": ">=3.6",
          "version": "7.1.3"
        }
      ],
      "marker": null,
      "platform_tag": [
        "cp314",
        "cp314",
        "macosx_15_0_arm64"
      ]
    },
    {
      "locked_requirements": [
        {
          "artifacts": [
            {
              "algorithm": "sha256",
              "hash": "3bb428f9f05c1225a558f53e30ccbad9930b11c3fc206836242de1091d3e7dd3",
              "url": "https://files.pythonhosted.org/packages/ce/b1/5f49af514f76431ba4eea935b8ad3725cdeb397e9245ab919dbc1d1dc20f/psutil-7.1.3-cp36-abi3-manylinux2010_x86_64.manylinux_2_12_x86_64.manylinux_2_28_x86_64.whl"
            }
          ],
          "project_name": "psutil",
          "requires_dists": [],
          "requires_python": ">=3.6",
          "version": "7.1.3"
        }
      ],
      "marker": null,
      "platform_tag": [
        "cp314",
        "cp314",
        "manylinux_2_36_x86_64"
      ]
    },
    {
      "locked_requirements": [
        {
          "artifacts": [
            {
              "algorithm": "sha256",
              "hash": "56d974e02ca2c8eb4812c3f76c30e28836fffc311d55d979f1465c1feeb2b68b",
              "url": "https://files.pythonhosted.org/packages/e0/95/992c8816a74016eb095e73585d747e0a8ea21a061ed3689474fabb29a395/psutil-7.1.3-cp36-abi3-manylinux2014_aarch64.manylinux_2_17_aarch64.manylinux_2_28_aarch64.whl"
            }
          ],
          "project_name": "psutil",
          "requires_dists": [],
          "requires_python": ">=3.6",
          "version": "7.1.3"
        }
      ],
      "marker": null,
      "platform_tag": [
        "cp314",
        "cp314",
        "manylinux_2_36_aarch64"
      ]
    },
    {
      "locked_requirements": [
        {
          "artifacts": [
            {
              "algorithm": "sha256",
              "hash": "2bdbcd0e58ca14996a42adf3621a6244f1bb2e2e528886959c72cf1e326677ab",
              "url": "https://files.pythonhosted.org/packages/ef/94/46b9154a800253e7ecff5aaacdf8ebf43db99de4a2dfa18575b02548654e/psutil-7.1.3-cp36-abi3-macosx_10_9_x86_64.whl"
            }
          ],
          "project_name": "psutil",
          "requires_dists": [],
          "requires_python": ">=3.6",
          "version": "7.1.3"
        }
      ],
      "marker": null,
      "platform_tag": [
        "cp314",
        "cp314",
        "macosx_15_0_x86_64"
      ]
    },
    {
      "locked_requirements": [
        {
          "artifacts": [
            {
              "algorithm": "sha256",
              "hash": "0cbc867fb16816958a5c477bf98c411dc4b0d00541cfa030918418fffe717354",
              "url": "https://pex-tool.github.io/packaging/simple-index/psutil/psutil-7.1.3-cp36-abi3-musllinux_1_2_aarch64.whl"
            }
          ],
          "project_name": "psutil",
          "requires_dists": [],
          "requires_python": ">=3.6",
          "version": "7.1.3"
        }
      ],
      "marker": null,
      "platform_tag": [
        "cp314",
        "cp314",
        "musllinux_1_2_aarch64"
      ]
    },
    {
      "locked_requirements": [
        {
          "artifacts": [
            {
              "algorithm": "sha256",
              "hash": "e025cd386b38eec63b9a030ac119db6c25e75cb2f70d5380a00f9474a60607b3",
              "url": "https://pex-tool.github.io/packaging/simple-index/psutil/psutil-7.1.3-cp36-abi3-musllinux_1_2_x86_64.whl"
            }
          ],
          "project_name": "psutil",
          "requires_dists": [],
          "requires_python": ">=3.6",
          "version": "7.1.3"
        }
      ],
      "marker": null,
      "platform_tag": [
        "cp314",
        "cp314",
        "musllinux_1_2_x86_64"
      ]
    }
  ],
  "only_builds": [],
  "only_wheels": [],
  "overridden": [],
  "path_mappings": {},
  "pex_version": "2.71.1",
  "pip_version": "25.3",
  "prefer_older_binary": false,
  "requirements": [
    "psutil>=5.3"
  ],
  "requires_python": [],
  "resolver_version": "pip-2020-resolver",
  "style": "strict",
  "target_systems": [],
  "transitive": true,
  "use_pep517": null,
  "use_system_time": false
}
