{
  "allow_builds": false,
  "allow_prereleases": false,
  "allow_wheels": true,
  "build_isolation": true,
  "constraints": [],
  "elide_unused_requires_dist": true,
  "excluded": [],
  "locked_resolves": [
    {
      "locked_requirements": [
        {
          "artifacts": [
            {
              "algorithm": "sha256",
              "hash": "6e2dcd475ce8b80522e51d923d10c7871e45f20918e027ab682f94f1c6351688",
              "url": "https://files.pythonhosted.org/packages/01/9e/8be43078a171381953cfee33c07c0d628594b5dbfc5157847b85022c2c1b/psutil-6.1.0-cp36-abi3-macosx_10_9_x86_64.whl"
            }
          ],
          "project_name": "psutil",
          "requires_dists": [],
          "requires_python": "!=3.0.*,!=3.1.*,!=3.2.*,!=3.3.*,!=3.4.*,!=3.5.*,>=2.7",
          "version": "6.1.0"
        }
      ],
      "platform_tag": [
        "cp313",
        "cp313",
        "macosx_13_0_x86_64"
      ]
    },
    {
      "locked_requirements": [
        {
          "artifacts": [
            {
              "algorithm": "sha256",
              "hash": "0895b8414afafc526712c498bd9de2b063deaac4021a3b3c34566283464aff8e",
              "url": "https://files.pythonhosted.org/packages/1d/cb/313e80644ea407f04f6602a9e23096540d9dc1878755f3952ea8d3d104be/psutil-6.1.0-cp36-abi3-macosx_11_0_arm64.whl"
            }
          ],
          "project_name": "psutil",
          "requires_dists": [],
          "requires_python": "!=3.0.*,!=3.1.*,!=3.2.*,!=3.3.*,!=3.4.*,!=3.5.*,>=2.7",
          "version": "6.1.0"
        }
      ],
      "platform_tag": [
        "cp313",
        "cp313",
        "macosx_14_0_arm64"
      ]
    },
    {
      "locked_requirements": [
        {
          "artifacts": [
            {
              "algorithm": "sha256",
              "hash": "d905186d647b16755a800e7263d43df08b790d709d575105d419f8b6ef65423a",
              "url": "https://files.pythonhosted.org/packages/27/c2/d034856ac47e3b3cdfa9720d0e113902e615f4190d5d1bdb8df4b2015fb2/psutil-6.1.0-cp36-abi3-manylinux_2_17_aarch64.manylinux2014_aarch64.whl"
            }
          ],
          "project_name": "psutil",
          "requires_dists": [],
          "requires_python": "!=3.0.*,!=3.1.*,!=3.2.*,!=3.3.*,!=3.4.*,!=3.5.*,>=2.7",
          "version": "6.1.0"
        }
      ],
      "platform_tag": [
        "cp313",
        "cp313",
        "manylinux_2_36_aarch64"
      ]
    },
    {
      "locked_requirements": [
        {
          "artifacts": [
            {
              "algorithm": "sha256",
              "hash": "498c6979f9c6637ebc3a73b3f87f9eb1ec24e1ce53a7c5173b8508981614a90b",
              "url": "https://files.pythonhosted.org/packages/58/4d/8245e6f76a93c98aab285a43ea71ff1b171bcd90c9d238bf81f7021fb233/psutil-6.1.0-cp36-abi3-manylinux_2_12_x86_64.manylinux2010_x86_64.manylinux_2_17_x86_64.manylinux2014_x86_64.whl"
            }
          ],
          "project_name": "psutil",
          "requires_dists": [],
          "requires_python": "!=3.0.*,!=3.1.*,!=3.2.*,!=3.3.*,!=3.4.*,!=3.5.*,>=2.7",
          "version": "6.1.0"
        }
      ],
      "platform_tag": [
        "cp313",
        "cp313",
        "manylinux_2_36_x86_64"
      ]
    },
    {
      "locked_requirements": [
        {
          "artifacts": [
            {
              "algorithm": "sha256",
              "hash": "c59e010395f3441b27f29b000ea1da2b20a60ac0435295c32bafc24895cd5f21",
              "url": "https://www.piwheels.org/simple/psutil/psutil-6.1.0-cp36-abi3-linux_armv7l.whl"
            }
          ],
          "project_name": "psutil",
          "requires_dists": [],
          "requires_python": "!=3.0.*,!=3.1.*,!=3.2.*,!=3.3.*,!=3.4.*,!=3.5.*,>=2.7",
          "version": "6.1.0"
        }
      ],
      "platform_tag": [
        "cp313",
        "cp313",
        "manylinux_2_36_armv7l"
      ]
    }
  ],
  "only_builds": [],
  "only_wheels": [],
  "overridden": [],
  "path_mappings": {},
  "pex_version": "2.26.0",
  "pip_version": "24.3.1",
  "prefer_older_binary": false,
  "requirements": [
    "psutil>=5.3"
  ],
  "requires_python": [],
  "resolver_version": "pip-2020-resolver",
  "style": "strict",
  "target_systems": [],
  "transitive": true,
  "use_pep517": null,
  "use_system_time": false
}
